
Microsoft Visual Studio Solution File, Format Version 12.00
# Visual Studio 15
VisualStudioVersion = 15.0.27703.2035
MinimumVisualStudioVersion = 10.0.40219.1
Project("{2150E333-8FDC-42A3-9474-1A3956D46DE8}") = "APIGateway", "APIGateway", "{9248428F-B99D-4D6D-B0AE-EB65AA3F1F11}"
EndProject
Project("{2150E333-8FDC-42A3-9474-1A3956D46DE8}") = "Services", "Services", "{5DB1D2AA-DF79-4812-B9D2-85246304B9C6}"
EndProject
Project("{2150E333-8FDC-42A3-9474-1A3956D46DE8}") = "src", "src", "{1EE81E8B-78FB-401D-95AF-D2395F5AC05F}"
EndProject
Project("{2150E333-8FDC-42A3-9474-1A3956D46DE8}") = "Test", "Test", "{F5A717BB-0BE6-4107-B5E9-AC45597A1159}"
EndProject
Project("{2150E333-8FDC-42A3-9474-1A3956D46DE8}") = "Clients", "Clients", "{5B33BEF4-67A0-478F-B91A-5C1F153CC153}"
EndProject
Project("{E53339B2-1760-4266-BCC7-CA923CBCF16C}") = "docker-compose", "docker-compose.dcproj", "{DFB6DB67-C255-48C1-9679-FC582697D289}"
EndProject
Project("{2150E333-8FDC-42A3-9474-1A3956D46DE8}") = "BuildingBlocks", "BuildingBlocks", "{7401C98E-4DF9-43B2-84E6-473CEC8C7CA7}"
EndProject
Project("{2150E333-8FDC-42A3-9474-1A3956D46DE8}") = "EventBus", "EventBus", "{2017A735-B165-4BB2-8CE4-1116B5C2C46E}"
EndProject
Project("{9A19103F-16F7-4668-BE54-9A1E7A4F7556}") = "RabbitMQ", "src\BuildingBlocks\EventBus\RabbitMQ\RabbitMQ.csproj", "{B2BA12B8-7904-4E7A-BF67-B41FB3B8D969}"
EndProject
Project("{9A19103F-16F7-4668-BE54-9A1E7A4F7556}") = "CommandBus", "src\BuildingBlocks\EventBus\CommandBus\CommandBus.csproj", "{7FB723CA-8E56-4F2B-9727-851040216CEF}"
EndProject
Project("{9A19103F-16F7-4668-BE54-9A1E7A4F7556}") = "ServiceBus", "src\BuildingBlocks\EventBus\ServiceBus\ServiceBus.csproj", "{86083762-5B12-4699-9FFB-8C3BD3ED0C6B}"
EndProject
Project("{9A19103F-16F7-4668-BE54-9A1E7A4F7556}") = "IntegrationEventLogEF", "src\BuildingBlocks\EventBus\IntegrationEventLogEF\IntegrationEventLogEF.csproj", "{E0164451-2FC0-4F5B-B9FC-8E80B9A4B633}"
EndProject
Project("{9A19103F-16F7-4668-BE54-9A1E7A4F7556}") = "PubSub", "src\BuildingBlocks\EventBus\PubSub\PubSub.csproj", "{984A3A53-CD47-46CC-9D20-8D577D645A88}"
EndProject
Project("{2150E333-8FDC-42A3-9474-1A3956D46DE8}") = "Functional", "Functional", "{FE59F6C2-A01A-410A-AC82-3B582391D497}"
EndProject
Project("{2150E333-8FDC-42A3-9474-1A3956D46DE8}") = "Integration", "Integration", "{D0B4F8D9-C8CE-4C2D-B300-48271BB79B71}"
EndProject
Project("{2150E333-8FDC-42A3-9474-1A3956D46DE8}") = "Load", "Load", "{1D265949-F193-489B-97D3-1606F904B6EC}"
EndProject
Project("{9A19103F-16F7-4668-BE54-9A1E7A4F7556}") = "JA.MS.FunctionTests", "src\Tests\JA.MS.FunctionTests\JA.MS.FunctionTests.csproj", "{987AA5B4-E834-49BC-9459-D72BDA05C64C}"
EndProject
Project("{9A19103F-16F7-4668-BE54-9A1E7A4F7556}") = "JA.MS.IntegrationTests", "src\Tests\JA.MS.IntegrationTests\JA.MS.IntegrationTests.csproj", "{F55A8EA1-FB1E-4E34-8D96-23C68AF51883}"
EndProject
Project("{9A19103F-16F7-4668-BE54-9A1E7A4F7556}") = "JA.MS.API_GWBase", "src\ApiGateways\JA.MS.API_GWBase\JA.MS.API_GWBase.csproj", "{51C92171-B6CE-4BF3-BD88-E92A80CD665C}"
EndProject
Project("{9A19103F-16F7-4668-BE54-9A1E7A4F7556}") = "JA.MS.Mobile.Shopping.HTTPAgreggator", "src\ApiGateways\Mobile.Shopping\aggregator\JA.MS.Mobile.Shopping.HTTPAgreggator\JA.MS.Mobile.Shopping.HTTPAgreggator.csproj", "{C848655D-0430-4F2B-B9C8-B9C49234FEE9}"
EndProject
Project("{2150E333-8FDC-42A3-9474-1A3956D46DE8}") = "NewFolder1", "NewFolder1", "{DA7D433A-B843-463F-9837-1CFA3C56AD4C}"
EndProject
Project("{9A19103F-16F7-4668-BE54-9A1E7A4F7556}") = "JA.MS.Web.Shopping.HTTPAgreggator", "src\ApiGateways\Web.Shopping\aggregator\JA.MS.Web.Shopping.HTTPAgreggator\JA.MS.Web.Shopping.HTTPAgreggator.csproj", "{E386C6F7-3508-4EE6-8396-B0A949FA3C30}"
EndProject
Project("{2150E333-8FDC-42A3-9474-1A3956D46DE8}") = "HealthChecks", "HealthChecks", "{21E9C3C7-0BA8-476F-9430-2B477CAB6F96}"
EndProject
Project("{9A19103F-16F7-4668-BE54-9A1E7A4F7556}") = "JA.MS.HealthChecks.Standard", "src\BuildingBlocks\HealthChecks\JA.MS.HealthChecks.Standard\JA.MS.HealthChecks.Standard.csproj", "{BB94594C-9900-4F6B-9B3F-BBDC81E9F828}"
EndProject
Project("{9A19103F-16F7-4668-BE54-9A1E7A4F7556}") = "JA.MS.HealthChecks.Extensions", "src\BuildingBlocks\HealthChecks\JA.MS.HealthChecks.Extensions\JA.MS.HealthChecks.Extensions.csproj", "{59F9693A-9C74-4A36-91F4-9581FF2CF5E9}"
EndProject
Project("{9A19103F-16F7-4668-BE54-9A1E7A4F7556}") = "JA.MS.HealthChecks.SqlServer", "src\BuildingBlocks\HealthChecks\JA.MS.HealthChecks.SqlServer\JA.MS.HealthChecks.SqlServer.csproj", "{801563CE-747E-4C05-944D-D30A3E3F52E1}"
EndProject
Project("{9A19103F-16F7-4668-BE54-9A1E7A4F7556}") = "JA.MS.HealthChecks.Azure", "src\BuildingBlocks\HealthChecks\JA.MS.HealthChecks.Azure\JA.MS.HealthChecks.Azure.csproj", "{A3581DFF-5543-4A1E-9AEE-228568713EA5}"
EndProject
Project("{9A19103F-16F7-4668-BE54-9A1E7A4F7556}") = "JA.MS.HealthChecks.AWS", "src\BuildingBlocks\HealthChecks\JA.MS.HealthChecks.AWS\JA.MS.HealthChecks.AWS.csproj", "{E6C6702C-7A4C-47E2-AD77-DEDD7D82D16E}"
EndProject
Global
	GlobalSection(SolutionConfigurationPlatforms) = preSolution
		Debug|Any CPU = Debug|Any CPU
		Release|Any CPU = Release|Any CPU
	EndGlobalSection
	GlobalSection(ProjectConfigurationPlatforms) = postSolution
		{DFB6DB67-C255-48C1-9679-FC582697D289}.Debug|Any CPU.ActiveCfg = Debug|Any CPU
		{DFB6DB67-C255-48C1-9679-FC582697D289}.Debug|Any CPU.Build.0 = Debug|Any CPU
		{DFB6DB67-C255-48C1-9679-FC582697D289}.Release|Any CPU.ActiveCfg = Release|Any CPU
		{DFB6DB67-C255-48C1-9679-FC582697D289}.Release|Any CPU.Build.0 = Release|Any CPU
		{B2BA12B8-7904-4E7A-BF67-B41FB3B8D969}.Debug|Any CPU.ActiveCfg = Debug|Any CPU
		{B2BA12B8-7904-4E7A-BF67-B41FB3B8D969}.Debug|Any CPU.Build.0 = Debug|Any CPU
		{B2BA12B8-7904-4E7A-BF67-B41FB3B8D969}.Release|Any CPU.ActiveCfg = Release|Any CPU
		{B2BA12B8-7904-4E7A-BF67-B41FB3B8D969}.Release|Any CPU.Build.0 = Release|Any CPU
		{7FB723CA-8E56-4F2B-9727-851040216CEF}.Debug|Any CPU.ActiveCfg = Debug|Any CPU
		{7FB723CA-8E56-4F2B-9727-851040216CEF}.Debug|Any CPU.Build.0 = Debug|Any CPU
		{7FB723CA-8E56-4F2B-9727-851040216CEF}.Release|Any CPU.ActiveCfg = Release|Any CPU
		{7FB723CA-8E56-4F2B-9727-851040216CEF}.Release|Any CPU.Build.0 = Release|Any CPU
		{86083762-5B12-4699-9FFB-8C3BD3ED0C6B}.Debug|Any CPU.ActiveCfg = Debug|Any CPU
		{86083762-5B12-4699-9FFB-8C3BD3ED0C6B}.Debug|Any CPU.Build.0 = Debug|Any CPU
		{86083762-5B12-4699-9FFB-8C3BD3ED0C6B}.Release|Any CPU.ActiveCfg = Release|Any CPU
		{86083762-5B12-4699-9FFB-8C3BD3ED0C6B}.Release|Any CPU.Build.0 = Release|Any CPU
		{E0164451-2FC0-4F5B-B9FC-8E80B9A4B633}.Debug|Any CPU.ActiveCfg = Debug|Any CPU
		{E0164451-2FC0-4F5B-B9FC-8E80B9A4B633}.Debug|Any CPU.Build.0 = Debug|Any CPU
		{E0164451-2FC0-4F5B-B9FC-8E80B9A4B633}.Release|Any CPU.ActiveCfg = Release|Any CPU
		{E0164451-2FC0-4F5B-B9FC-8E80B9A4B633}.Release|Any CPU.Build.0 = Release|Any CPU
		{984A3A53-CD47-46CC-9D20-8D577D645A88}.Debug|Any CPU.ActiveCfg = Debug|Any CPU
		{984A3A53-CD47-46CC-9D20-8D577D645A88}.Debug|Any CPU.Build.0 = Debug|Any CPU
		{984A3A53-CD47-46CC-9D20-8D577D645A88}.Release|Any CPU.ActiveCfg = Release|Any CPU
		{984A3A53-CD47-46CC-9D20-8D577D645A88}.Release|Any CPU.Build.0 = Release|Any CPU
		{987AA5B4-E834-49BC-9459-D72BDA05C64C}.Debug|Any CPU.ActiveCfg = Debug|Any CPU
		{987AA5B4-E834-49BC-9459-D72BDA05C64C}.Debug|Any CPU.Build.0 = Debug|Any CPU
		{987AA5B4-E834-49BC-9459-D72BDA05C64C}.Release|Any CPU.ActiveCfg = Release|Any CPU
		{987AA5B4-E834-49BC-9459-D72BDA05C64C}.Release|Any CPU.Build.0 = Release|Any CPU
		{F55A8EA1-FB1E-4E34-8D96-23C68AF51883}.Debug|Any CPU.ActiveCfg = Debug|Any CPU
		{F55A8EA1-FB1E-4E34-8D96-23C68AF51883}.Debug|Any CPU.Build.0 = Debug|Any CPU
		{F55A8EA1-FB1E-4E34-8D96-23C68AF51883}.Release|Any CPU.ActiveCfg = Release|Any CPU
		{F55A8EA1-FB1E-4E34-8D96-23C68AF51883}.Release|Any CPU.Build.0 = Release|Any CPU
		{51C92171-B6CE-4BF3-BD88-E92A80CD665C}.Debug|Any CPU.ActiveCfg = Debug|Any CPU
		{51C92171-B6CE-4BF3-BD88-E92A80CD665C}.Debug|Any CPU.Build.0 = Debug|Any CPU
		{51C92171-B6CE-4BF3-BD88-E92A80CD665C}.Release|Any CPU.ActiveCfg = Release|Any CPU
		{51C92171-B6CE-4BF3-BD88-E92A80CD665C}.Release|Any CPU.Build.0 = Release|Any CPU
		{C848655D-0430-4F2B-B9C8-B9C49234FEE9}.Debug|Any CPU.ActiveCfg = Debug|Any CPU
		{C848655D-0430-4F2B-B9C8-B9C49234FEE9}.Debug|Any CPU.Build.0 = Debug|Any CPU
		{C848655D-0430-4F2B-B9C8-B9C49234FEE9}.Release|Any CPU.ActiveCfg = Release|Any CPU
		{C848655D-0430-4F2B-B9C8-B9C49234FEE9}.Release|Any CPU.Build.0 = Release|Any CPU
		{E386C6F7-3508-4EE6-8396-B0A949FA3C30}.Debug|Any CPU.ActiveCfg = Debug|Any CPU
		{E386C6F7-3508-4EE6-8396-B0A949FA3C30}.Debug|Any CPU.Build.0 = Debug|Any CPU
		{E386C6F7-3508-4EE6-8396-B0A949FA3C30}.Release|Any CPU.ActiveCfg = Release|Any CPU
		{E386C6F7-3508-4EE6-8396-B0A949FA3C30}.Release|Any CPU.Build.0 = Release|Any CPU
		{BB94594C-9900-4F6B-9B3F-BBDC81E9F828}.Debug|Any CPU.ActiveCfg = Debug|Any CPU
		{BB94594C-9900-4F6B-9B3F-BBDC81E9F828}.Debug|Any CPU.Build.0 = Debug|Any CPU
		{BB94594C-9900-4F6B-9B3F-BBDC81E9F828}.Release|Any CPU.ActiveCfg = Release|Any CPU
		{BB94594C-9900-4F6B-9B3F-BBDC81E9F828}.Release|Any CPU.Build.0 = Release|Any CPU
		{59F9693A-9C74-4A36-91F4-9581FF2CF5E9}.Debug|Any CPU.ActiveCfg = Debug|Any CPU
		{59F9693A-9C74-4A36-91F4-9581FF2CF5E9}.Debug|Any CPU.Build.0 = Debug|Any CPU
		{59F9693A-9C74-4A36-91F4-9581FF2CF5E9}.Release|Any CPU.ActiveCfg = Release|Any CPU
		{59F9693A-9C74-4A36-91F4-9581FF2CF5E9}.Release|Any CPU.Build.0 = Release|Any CPU
		{801563CE-747E-4C05-944D-D30A3E3F52E1}.Debug|Any CPU.ActiveCfg = Debug|Any CPU
		{801563CE-747E-4C05-944D-D30A3E3F52E1}.Debug|Any CPU.Build.0 = Debug|Any CPU
		{801563CE-747E-4C05-944D-D30A3E3F52E1}.Release|Any CPU.ActiveCfg = Release|Any CPU
		{801563CE-747E-4C05-944D-D30A3E3F52E1}.Release|Any CPU.Build.0 = Release|Any CPU
		{A3581DFF-5543-4A1E-9AEE-228568713EA5}.Debug|Any CPU.ActiveCfg = Debug|Any CPU
		{A3581DFF-5543-4A1E-9AEE-228568713EA5}.Debug|Any CPU.Build.0 = Debug|Any CPU
		{A3581DFF-5543-4A1E-9AEE-228568713EA5}.Release|Any CPU.ActiveCfg = Release|Any CPU
		{A3581DFF-5543-4A1E-9AEE-228568713EA5}.Release|Any CPU.Build.0 = Release|Any CPU
		{E6C6702C-7A4C-47E2-AD77-DEDD7D82D16E}.Debug|Any CPU.ActiveCfg = Debug|Any CPU
		{E6C6702C-7A4C-47E2-AD77-DEDD7D82D16E}.Debug|Any CPU.Build.0 = Debug|Any CPU
		{E6C6702C-7A4C-47E2-AD77-DEDD7D82D16E}.Release|Any CPU.ActiveCfg = Release|Any CPU
		{E6C6702C-7A4C-47E2-AD77-DEDD7D82D16E}.Release|Any CPU.Build.0 = Release|Any CPU
	EndGlobalSection
	GlobalSection(SolutionProperties) = preSolution
		HideSolutionNode = FALSE
	EndGlobalSection
	GlobalSection(NestedProjects) = preSolution
		{9248428F-B99D-4D6D-B0AE-EB65AA3F1F11} = {1EE81E8B-78FB-401D-95AF-D2395F5AC05F}
		{5DB1D2AA-DF79-4812-B9D2-85246304B9C6} = {1EE81E8B-78FB-401D-95AF-D2395F5AC05F}
		{F5A717BB-0BE6-4107-B5E9-AC45597A1159} = {1EE81E8B-78FB-401D-95AF-D2395F5AC05F}
		{5B33BEF4-67A0-478F-B91A-5C1F153CC153} = {1EE81E8B-78FB-401D-95AF-D2395F5AC05F}
		{7401C98E-4DF9-43B2-84E6-473CEC8C7CA7} = {1EE81E8B-78FB-401D-95AF-D2395F5AC05F}
		{2017A735-B165-4BB2-8CE4-1116B5C2C46E} = {7401C98E-4DF9-43B2-84E6-473CEC8C7CA7}
		{B2BA12B8-7904-4E7A-BF67-B41FB3B8D969} = {2017A735-B165-4BB2-8CE4-1116B5C2C46E}
		{7FB723CA-8E56-4F2B-9727-851040216CEF} = {2017A735-B165-4BB2-8CE4-1116B5C2C46E}
		{86083762-5B12-4699-9FFB-8C3BD3ED0C6B} = {2017A735-B165-4BB2-8CE4-1116B5C2C46E}
		{E0164451-2FC0-4F5B-B9FC-8E80B9A4B633} = {2017A735-B165-4BB2-8CE4-1116B5C2C46E}
		{984A3A53-CD47-46CC-9D20-8D577D645A88} = {7401C98E-4DF9-43B2-84E6-473CEC8C7CA7}
		{FE59F6C2-A01A-410A-AC82-3B582391D497} = {F5A717BB-0BE6-4107-B5E9-AC45597A1159}
		{D0B4F8D9-C8CE-4C2D-B300-48271BB79B71} = {F5A717BB-0BE6-4107-B5E9-AC45597A1159}
		{1D265949-F193-489B-97D3-1606F904B6EC} = {F5A717BB-0BE6-4107-B5E9-AC45597A1159}
		{987AA5B4-E834-49BC-9459-D72BDA05C64C} = {FE59F6C2-A01A-410A-AC82-3B582391D497}
		{F55A8EA1-FB1E-4E34-8D96-23C68AF51883} = {D0B4F8D9-C8CE-4C2D-B300-48271BB79B71}
		{51C92171-B6CE-4BF3-BD88-E92A80CD665C} = {9248428F-B99D-4D6D-B0AE-EB65AA3F1F11}
		{C848655D-0430-4F2B-B9C8-B9C49234FEE9} = {9248428F-B99D-4D6D-B0AE-EB65AA3F1F11}
		{DA7D433A-B843-463F-9837-1CFA3C56AD4C} = {9248428F-B99D-4D6D-B0AE-EB65AA3F1F11}
		{E386C6F7-3508-4EE6-8396-B0A949FA3C30} = {9248428F-B99D-4D6D-B0AE-EB65AA3F1F11}
		{21E9C3C7-0BA8-476F-9430-2B477CAB6F96} = {7401C98E-4DF9-43B2-84E6-473CEC8C7CA7}
		{BB94594C-9900-4F6B-9B3F-BBDC81E9F828} = {21E9C3C7-0BA8-476F-9430-2B477CAB6F96}
		{59F9693A-9C74-4A36-91F4-9581FF2CF5E9} = {21E9C3C7-0BA8-476F-9430-2B477CAB6F96}
		{801563CE-747E-4C05-944D-D30A3E3F52E1} = {21E9C3C7-0BA8-476F-9430-2B477CAB6F96}
		{A3581DFF-5543-4A1E-9AEE-228568713EA5} = {21E9C3C7-0BA8-476F-9430-2B477CAB6F96}
		{E6C6702C-7A4C-47E2-AD77-DEDD7D82D16E} = {21E9C3C7-0BA8-476F-9430-2B477CAB6F96}
	EndGlobalSection
	GlobalSection(ExtensibilityGlobals) = postSolution
		SolutionGuid = {47D2E5C3-5CAF-45C7-BA1E-C44BF4B60E97}
	EndGlobalSection
EndGlobal
